
Microsoft Visual Studio Solution File, Format Version 12.00
# Visual Studio 14
VisualStudioVersion = 14.0.25420.1
MinimumVisualStudioVersion = 10.0.40219.1
Project("{FAE04EC0-301F-11D3-BF4B-00C04F79EFBC}") = "TraversingTrees", "TraversingTrees\TraversingTrees.csproj", "{E40E6467-BD41-42FA-AC60-E4FE24BFA5EF}"
EndProject
Project("{FAE04EC0-301F-11D3-BF4B-00C04F79EFBC}") = "UsingCollectorCS", "UsingCollectorCS\UsingCollectorCS.csproj", "{4172FEBC-45AE-4A91-AF3F-225EBE7FDCE3}"
EndProject
Project("{2150E333-8FDC-42A3-9474-1A3956D46DE8}") = "SemanticAnalysis", "SemanticAnalysis", "{2FEB4DE7-F3A4-4F33-A238-FA7C3A4AF2FD}"
EndProject
Project("{2150E333-8FDC-42A3-9474-1A3956D46DE8}") = "SyntaxAnalysis", "SyntaxAnalysis", "{8B385FE9-82B2-4BB4-AB39-E570DAC443AF}"
EndProject
Project("{FAE04EC0-301F-11D3-BF4B-00C04F79EFBC}") = "Compilation", "Compilation\Compilation.csproj", "{A28B2EF4-7F4E-4425-92E6-0E1BE1F7E16C}"
EndProject
Project("{2150E333-8FDC-42A3-9474-1A3956D46DE8}") = "PPT", "PPT", "{1FFB30AE-651C-4C6D-8117-3D06598FC4F3}"
	ProjectSection(SolutionItems) = preProject
		..\..\..\Roslyn API.pptx = ..\..\..\Roslyn API.pptx
	EndProjectSection
EndProject
Project("{2150E333-8FDC-42A3-9474-1A3956D46DE8}") = "SyntaxTransformation", "SyntaxTransformation", "{34D34D6B-EAD4-47AF-A148-6E590ABE476A}"
EndProject
Project("{FAE04EC0-301F-11D3-BF4B-00C04F79EFBC}") = "SyntaxTransformation", "SyntaxTransformation\SyntaxTransformation.csproj", "{C6E6A860-E56A-44FF-9D5B-21AACBA9CDE8}"
EndProject
Project("{2150E333-8FDC-42A3-9474-1A3956D46DE8}") = "SyntaxRewriter", "SyntaxRewriter", "{48CFADCE-4189-4E4D-AAF5-C41C902F790B}"
EndProject
Project("{FAE04EC0-301F-11D3-BF4B-00C04F79EFBC}") = "TypeInferenceRewriter", "TypeInferenceRewriter\TypeInferenceRewriter.csproj", "{B487BA09-10F3-42B3-AC85-6E5A86058E67}"
EndProject
Project("{2150E333-8FDC-42A3-9474-1A3956D46DE8}") = "Analyzers", "Analyzers", "{455BE3C5-1791-4985-9BD4-C6FA194A2B24}"
EndProject
Project("{FAE04EC0-301F-11D3-BF4B-00C04F79EFBC}") = "EmptyArrayInitialization", "EmptyArrayInitialization\EmptyArrayInitialization\EmptyArrayInitialization.csproj", "{66B5EA50-570F-4B3C-B345-CD90A9A3D37B}"
EndProject
Project("{FAE04EC0-301F-11D3-BF4B-00C04F79EFBC}") = "EmptyArrayInitialization.Test", "EmptyArrayInitialization\EmptyArrayInitialization.Test\EmptyArrayInitialization.Test.csproj", "{27C676A7-A693-489B-944C-CD683B68EFB1}"
EndProject
Project("{FAE04EC0-301F-11D3-BF4B-00C04F79EFBC}") = "EmptyArrayInitialization.Vsix", "EmptyArrayInitialization\EmptyArrayInitialization.Vsix\EmptyArrayInitialization.Vsix.csproj", "{8FED56ED-A371-4616-B293-BB78C19BCC6D}"
EndProject
Project("{2150E333-8FDC-42A3-9474-1A3956D46DE8}") = "EmptyArray", "EmptyArray", "{C7723454-E39F-4AC7-A2CB-CF0C2F567704}"
EndProject
Project("{2150E333-8FDC-42A3-9474-1A3956D46DE8}") = "ConvertToConst", "ConvertToConst", "{CCB637B1-D087-4E11-AD04-1144B199EE13}"
EndProject
Project("{FAE04EC0-301F-11D3-BF4B-00C04F79EFBC}") = "ConvertToConstantAnanlyzer", "ConvertToConstantAnanlyzer\ConvertToConstantAnanlyzer\ConvertToConstantAnanlyzer.csproj", "{8217F930-F916-427F-AD88-F8BF4F15DCE1}"
EndProject
Project("{FAE04EC0-301F-11D3-BF4B-00C04F79EFBC}") = "ConvertToConstantAnanlyzer.Test", "ConvertToConstantAnanlyzer\ConvertToConstantAnanlyzer.Test\ConvertToConstantAnanlyzer.Test.csproj", "{C8C8887E-1DC5-4005-8C3D-2C0A93FBE184}"
EndProject
Project("{FAE04EC0-301F-11D3-BF4B-00C04F79EFBC}") = "ConvertToConstantAnanlyzer.Vsix", "ConvertToConstantAnanlyzer\ConvertToConstantAnanlyzer.Vsix\ConvertToConstantAnanlyzer.Vsix.csproj", "{C08EA34A-11CF-4A79-98CD-A834C07A777A}"
EndProject
Project("{2150E333-8FDC-42A3-9474-1A3956D46DE8}") = "SyntaxVisitor", "SyntaxVisitor", "{29A27A2A-D13D-40AB-9A76-9C92742753B0}"
EndProject
Project("{FAE04EC0-301F-11D3-BF4B-00C04F79EFBC}") = "CustomVisitor", "CustomVisitor\CustomVisitor.csproj", "{BC0A680E-65B8-4D79-BEC1-CE3306E6B0F9}"
EndProject
Project("{2150E333-8FDC-42A3-9474-1A3956D46DE8}") = "CompilationAPI", "CompilationAPI", "{31A72D27-BC71-4938-BD15-7AEA91D044FF}"
EndProject
Project("{FAE04EC0-301F-11D3-BF4B-00C04F79EFBC}") = "Compilation", "ConsoleApplication1\Compilation.csproj", "{6DB7420D-F5BE-4ECC-871D-B4ABF87D4532}"
EndProject
Project("{FAE04EC0-301F-11D3-BF4B-00C04F79EFBC}") = "MoreSemanticAnalysis", "MoreSemanticAnalysis\MoreSemanticAnalysis.csproj", "{0FD8F544-E15B-430B-B7F3-89DA8573E040}"
EndProject
Project("{2150E333-8FDC-42A3-9474-1A3956D46DE8}") = "ClassToStaic", "ClassToStaic", "{CFA48A75-7FBD-4A59-9740-F19D67A71F4C}"
EndProject
Project("{FAE04EC0-301F-11D3-BF4B-00C04F79EFBC}") = "ClassToStatic", "ClassToStatic\ClassToStatic\ClassToStatic.csproj", "{E4072337-06B9-47F6-9CCD-8A1736C524CF}"
EndProject
Project("{FAE04EC0-301F-11D3-BF4B-00C04F79EFBC}") = "ClassToStatic.Test", "ClassToStatic\ClassToStatic.Test\ClassToStatic.Test.csproj", "{AF73D5B0-47AD-4C84-A374-E65907A26B95}"
EndProject
Project("{FAE04EC0-301F-11D3-BF4B-00C04F79EFBC}") = "ClassToStatic.Vsix", "ClassToStatic\ClassToStatic.Vsix\ClassToStatic.Vsix.csproj", "{9B498A46-5BFC-4E1D-9CDA-69A946902358}"
EndProject
Project("{2150E333-8FDC-42A3-9474-1A3956D46DE8}") = "RegExAnalyser", "RegExAnalyser", "{D7F1E195-4909-4B3B-AF4F-72F010240B57}"
EndProject
Project("{FAE04EC0-301F-11D3-BF4B-00C04F79EFBC}") = "RegExAnalyser", "RegExAnalyser\RegExAnalyser\RegExAnalyser.csproj", "{2DF0598A-DA7C-42E2-8593-EB063E199711}"
EndProject
Project("{FAE04EC0-301F-11D3-BF4B-00C04F79EFBC}") = "RegExAnalyser.Test", "RegExAnalyser\RegExAnalyser.Test\RegExAnalyser.Test.csproj", "{994F9EEC-43B6-4ACD-B6B3-733C50A9F1A1}"
EndProject
Project("{FAE04EC0-301F-11D3-BF4B-00C04F79EFBC}") = "RegExAnalyser.Vsix", "RegExAnalyser\RegExAnalyser.Vsix\RegExAnalyser.Vsix.csproj", "{85DF8DF4-D856-44CB-BFCE-279CB3085C7E}"
EndProject
Global
	GlobalSection(SolutionConfigurationPlatforms) = preSolution
		Debug|Any CPU = Debug|Any CPU
		Debug|x86 = Debug|x86
		Release|Any CPU = Release|Any CPU
		Release|x86 = Release|x86
	EndGlobalSection
	GlobalSection(ProjectConfigurationPlatforms) = postSolution
		{E40E6467-BD41-42FA-AC60-E4FE24BFA5EF}.Debug|Any CPU.ActiveCfg = Debug|x86
		{E40E6467-BD41-42FA-AC60-E4FE24BFA5EF}.Debug|x86.ActiveCfg = Debug|x86
		{E40E6467-BD41-42FA-AC60-E4FE24BFA5EF}.Debug|x86.Build.0 = Debug|x86
		{E40E6467-BD41-42FA-AC60-E4FE24BFA5EF}.Release|Any CPU.ActiveCfg = Release|x86
		{E40E6467-BD41-42FA-AC60-E4FE24BFA5EF}.Release|x86.ActiveCfg = Release|x86
		{E40E6467-BD41-42FA-AC60-E4FE24BFA5EF}.Release|x86.Build.0 = Release|x86
		{4172FEBC-45AE-4A91-AF3F-225EBE7FDCE3}.Debug|Any CPU.ActiveCfg = Debug|x86
		{4172FEBC-45AE-4A91-AF3F-225EBE7FDCE3}.Debug|x86.ActiveCfg = Debug|x86
		{4172FEBC-45AE-4A91-AF3F-225EBE7FDCE3}.Debug|x86.Build.0 = Debug|x86
		{4172FEBC-45AE-4A91-AF3F-225EBE7FDCE3}.Release|Any CPU.ActiveCfg = Release|x86
		{4172FEBC-45AE-4A91-AF3F-225EBE7FDCE3}.Release|x86.ActiveCfg = Release|x86
		{4172FEBC-45AE-4A91-AF3F-225EBE7FDCE3}.Release|x86.Build.0 = Release|x86
		{A28B2EF4-7F4E-4425-92E6-0E1BE1F7E16C}.Debug|Any CPU.ActiveCfg = Debug|x86
		{A28B2EF4-7F4E-4425-92E6-0E1BE1F7E16C}.Debug|x86.ActiveCfg = Debug|x86
		{A28B2EF4-7F4E-4425-92E6-0E1BE1F7E16C}.Debug|x86.Build.0 = Debug|x86
		{A28B2EF4-7F4E-4425-92E6-0E1BE1F7E16C}.Release|Any CPU.ActiveCfg = Release|x86
		{A28B2EF4-7F4E-4425-92E6-0E1BE1F7E16C}.Release|x86.ActiveCfg = Release|x86
		{A28B2EF4-7F4E-4425-92E6-0E1BE1F7E16C}.Release|x86.Build.0 = Release|x86
		{C6E6A860-E56A-44FF-9D5B-21AACBA9CDE8}.Debug|Any CPU.ActiveCfg = Debug|x86
		{C6E6A860-E56A-44FF-9D5B-21AACBA9CDE8}.Debug|x86.ActiveCfg = Debug|x86
		{C6E6A860-E56A-44FF-9D5B-21AACBA9CDE8}.Debug|x86.Build.0 = Debug|x86
		{C6E6A860-E56A-44FF-9D5B-21AACBA9CDE8}.Release|Any CPU.ActiveCfg = Release|x86
		{C6E6A860-E56A-44FF-9D5B-21AACBA9CDE8}.Release|x86.ActiveCfg = Release|x86
		{C6E6A860-E56A-44FF-9D5B-21AACBA9CDE8}.Release|x86.Build.0 = Release|x86
		{B487BA09-10F3-42B3-AC85-6E5A86058E67}.Debug|Any CPU.ActiveCfg = Debug|x86
		{B487BA09-10F3-42B3-AC85-6E5A86058E67}.Debug|x86.ActiveCfg = Debug|x86
		{B487BA09-10F3-42B3-AC85-6E5A86058E67}.Debug|x86.Build.0 = Debug|x86
		{B487BA09-10F3-42B3-AC85-6E5A86058E67}.Release|Any CPU.ActiveCfg = Release|x86
		{B487BA09-10F3-42B3-AC85-6E5A86058E67}.Release|x86.ActiveCfg = Release|x86
		{B487BA09-10F3-42B3-AC85-6E5A86058E67}.Release|x86.Build.0 = Release|x86
		{66B5EA50-570F-4B3C-B345-CD90A9A3D37B}.Debug|Any CPU.ActiveCfg = Debug|Any CPU
		{66B5EA50-570F-4B3C-B345-CD90A9A3D37B}.Debug|Any CPU.Build.0 = Debug|Any CPU
		{66B5EA50-570F-4B3C-B345-CD90A9A3D37B}.Debug|x86.ActiveCfg = Debug|Any CPU
		{66B5EA50-570F-4B3C-B345-CD90A9A3D37B}.Debug|x86.Build.0 = Debug|Any CPU
		{66B5EA50-570F-4B3C-B345-CD90A9A3D37B}.Release|Any CPU.ActiveCfg = Release|Any CPU
		{66B5EA50-570F-4B3C-B345-CD90A9A3D37B}.Release|Any CPU.Build.0 = Release|Any CPU
		{66B5EA50-570F-4B3C-B345-CD90A9A3D37B}.Release|x86.ActiveCfg = Release|Any CPU
		{66B5EA50-570F-4B3C-B345-CD90A9A3D37B}.Release|x86.Build.0 = Release|Any CPU
		{27C676A7-A693-489B-944C-CD683B68EFB1}.Debug|Any CPU.ActiveCfg = Debug|Any CPU
		{27C676A7-A693-489B-944C-CD683B68EFB1}.Debug|Any CPU.Build.0 = Debug|Any CPU
		{27C676A7-A693-489B-944C-CD683B68EFB1}.Debug|x86.ActiveCfg = Debug|Any CPU
		{27C676A7-A693-489B-944C-CD683B68EFB1}.Debug|x86.Build.0 = Debug|Any CPU
		{27C676A7-A693-489B-944C-CD683B68EFB1}.Release|Any CPU.ActiveCfg = Release|Any CPU
		{27C676A7-A693-489B-944C-CD683B68EFB1}.Release|Any CPU.Build.0 = Release|Any CPU
		{27C676A7-A693-489B-944C-CD683B68EFB1}.Release|x86.ActiveCfg = Release|Any CPU
		{27C676A7-A693-489B-944C-CD683B68EFB1}.Release|x86.Build.0 = Release|Any CPU
		{8FED56ED-A371-4616-B293-BB78C19BCC6D}.Debug|Any CPU.ActiveCfg = Debug|Any CPU
		{8FED56ED-A371-4616-B293-BB78C19BCC6D}.Debug|Any CPU.Build.0 = Debug|Any CPU
		{8FED56ED-A371-4616-B293-BB78C19BCC6D}.Debug|x86.ActiveCfg = Debug|Any CPU
		{8FED56ED-A371-4616-B293-BB78C19BCC6D}.Debug|x86.Build.0 = Debug|Any CPU
		{8FED56ED-A371-4616-B293-BB78C19BCC6D}.Release|Any CPU.ActiveCfg = Release|Any CPU
		{8FED56ED-A371-4616-B293-BB78C19BCC6D}.Release|Any CPU.Build.0 = Release|Any CPU
		{8FED56ED-A371-4616-B293-BB78C19BCC6D}.Release|x86.ActiveCfg = Release|Any CPU
		{8FED56ED-A371-4616-B293-BB78C19BCC6D}.Release|x86.Build.0 = Release|Any CPU
		{8217F930-F916-427F-AD88-F8BF4F15DCE1}.Debug|Any CPU.ActiveCfg = Debug|Any CPU
		{8217F930-F916-427F-AD88-F8BF4F15DCE1}.Debug|Any CPU.Build.0 = Debug|Any CPU
		{8217F930-F916-427F-AD88-F8BF4F15DCE1}.Debug|x86.ActiveCfg = Debug|Any CPU
		{8217F930-F916-427F-AD88-F8BF4F15DCE1}.Debug|x86.Build.0 = Debug|Any CPU
		{8217F930-F916-427F-AD88-F8BF4F15DCE1}.Release|Any CPU.ActiveCfg = Release|Any CPU
		{8217F930-F916-427F-AD88-F8BF4F15DCE1}.Release|Any CPU.Build.0 = Release|Any CPU
		{8217F930-F916-427F-AD88-F8BF4F15DCE1}.Release|x86.ActiveCfg = Release|Any CPU
		{8217F930-F916-427F-AD88-F8BF4F15DCE1}.Release|x86.Build.0 = Release|Any CPU
		{C8C8887E-1DC5-4005-8C3D-2C0A93FBE184}.Debug|Any CPU.ActiveCfg = Debug|Any CPU
		{C8C8887E-1DC5-4005-8C3D-2C0A93FBE184}.Debug|Any CPU.Build.0 = Debug|Any CPU
		{C8C8887E-1DC5-4005-8C3D-2C0A93FBE184}.Debug|x86.ActiveCfg = Debug|Any CPU
		{C8C8887E-1DC5-4005-8C3D-2C0A93FBE184}.Debug|x86.Build.0 = Debug|Any CPU
		{C8C8887E-1DC5-4005-8C3D-2C0A93FBE184}.Release|Any CPU.ActiveCfg = Release|Any CPU
		{C8C8887E-1DC5-4005-8C3D-2C0A93FBE184}.Release|Any CPU.Build.0 = Release|Any CPU
		{C8C8887E-1DC5-4005-8C3D-2C0A93FBE184}.Release|x86.ActiveCfg = Release|Any CPU
		{C8C8887E-1DC5-4005-8C3D-2C0A93FBE184}.Release|x86.Build.0 = Release|Any CPU
		{C08EA34A-11CF-4A79-98CD-A834C07A777A}.Debug|Any CPU.ActiveCfg = Debug|Any CPU
		{C08EA34A-11CF-4A79-98CD-A834C07A777A}.Debug|Any CPU.Build.0 = Debug|Any CPU
		{C08EA34A-11CF-4A79-98CD-A834C07A777A}.Debug|x86.ActiveCfg = Debug|Any CPU
		{C08EA34A-11CF-4A79-98CD-A834C07A777A}.Debug|x86.Build.0 = Debug|Any CPU
		{C08EA34A-11CF-4A79-98CD-A834C07A777A}.Release|Any CPU.ActiveCfg = Release|Any CPU
		{C08EA34A-11CF-4A79-98CD-A834C07A777A}.Release|Any CPU.Build.0 = Release|Any CPU
		{C08EA34A-11CF-4A79-98CD-A834C07A777A}.Release|x86.ActiveCfg = Release|Any CPU
		{C08EA34A-11CF-4A79-98CD-A834C07A777A}.Release|x86.Build.0 = Release|Any CPU
		{BC0A680E-65B8-4D79-BEC1-CE3306E6B0F9}.Debug|Any CPU.ActiveCfg = Debug|x86
		{BC0A680E-65B8-4D79-BEC1-CE3306E6B0F9}.Debug|x86.ActiveCfg = Debug|x86
		{BC0A680E-65B8-4D79-BEC1-CE3306E6B0F9}.Debug|x86.Build.0 = Debug|x86
		{BC0A680E-65B8-4D79-BEC1-CE3306E6B0F9}.Release|Any CPU.ActiveCfg = Release|x86
		{BC0A680E-65B8-4D79-BEC1-CE3306E6B0F9}.Release|x86.ActiveCfg = Release|x86
		{BC0A680E-65B8-4D79-BEC1-CE3306E6B0F9}.Release|x86.Build.0 = Release|x86
		{6DB7420D-F5BE-4ECC-871D-B4ABF87D4532}.Debug|Any CPU.ActiveCfg = Debug|x86
		{6DB7420D-F5BE-4ECC-871D-B4ABF87D4532}.Debug|x86.ActiveCfg = Debug|x86
		{6DB7420D-F5BE-4ECC-871D-B4ABF87D4532}.Debug|x86.Build.0 = Debug|x86
		{6DB7420D-F5BE-4ECC-871D-B4ABF87D4532}.Release|Any CPU.ActiveCfg = Release|x86
		{6DB7420D-F5BE-4ECC-871D-B4ABF87D4532}.Release|x86.ActiveCfg = Release|x86
		{6DB7420D-F5BE-4ECC-871D-B4ABF87D4532}.Release|x86.Build.0 = Release|x86
		{0FD8F544-E15B-430B-B7F3-89DA8573E040}.Debug|Any CPU.ActiveCfg = Debug|x86
		{0FD8F544-E15B-430B-B7F3-89DA8573E040}.Debug|x86.ActiveCfg = Debug|x86
		{0FD8F544-E15B-430B-B7F3-89DA8573E040}.Debug|x86.Build.0 = Debug|x86
		{0FD8F544-E15B-430B-B7F3-89DA8573E040}.Release|Any CPU.ActiveCfg = Release|x86
		{0FD8F544-E15B-430B-B7F3-89DA8573E040}.Release|x86.ActiveCfg = Release|x86
		{0FD8F544-E15B-430B-B7F3-89DA8573E040}.Release|x86.Build.0 = Release|x86
		{E4072337-06B9-47F6-9CCD-8A1736C524CF}.Debug|Any CPU.ActiveCfg = Debug|Any CPU
		{E4072337-06B9-47F6-9CCD-8A1736C524CF}.Debug|Any CPU.Build.0 = Debug|Any CPU
		{E4072337-06B9-47F6-9CCD-8A1736C524CF}.Debug|x86.ActiveCfg = Debug|Any CPU
		{E4072337-06B9-47F6-9CCD-8A1736C524CF}.Debug|x86.Build.0 = Debug|Any CPU
		{E4072337-06B9-47F6-9CCD-8A1736C524CF}.Release|Any CPU.ActiveCfg = Release|Any CPU
		{E4072337-06B9-47F6-9CCD-8A1736C524CF}.Release|Any CPU.Build.0 = Release|Any CPU
		{E4072337-06B9-47F6-9CCD-8A1736C524CF}.Release|x86.ActiveCfg = Release|Any CPU
		{E4072337-06B9-47F6-9CCD-8A1736C524CF}.Release|x86.Build.0 = Release|Any CPU
		{AF73D5B0-47AD-4C84-A374-E65907A26B95}.Debug|Any CPU.ActiveCfg = Debug|Any CPU
		{AF73D5B0-47AD-4C84-A374-E65907A26B95}.Debug|Any CPU.Build.0 = Debug|Any CPU
		{AF73D5B0-47AD-4C84-A374-E65907A26B95}.Debug|x86.ActiveCfg = Debug|Any CPU
		{AF73D5B0-47AD-4C84-A374-E65907A26B95}.Debug|x86.Build.0 = Debug|Any CPU
		{AF73D5B0-47AD-4C84-A374-E65907A26B95}.Release|Any CPU.ActiveCfg = Release|Any CPU
		{AF73D5B0-47AD-4C84-A374-E65907A26B95}.Release|Any CPU.Build.0 = Release|Any CPU
		{AF73D5B0-47AD-4C84-A374-E65907A26B95}.Release|x86.ActiveCfg = Release|Any CPU
		{AF73D5B0-47AD-4C84-A374-E65907A26B95}.Release|x86.Build.0 = Release|Any CPU
		{9B498A46-5BFC-4E1D-9CDA-69A946902358}.Debug|Any CPU.ActiveCfg = Debug|Any CPU
		{9B498A46-5BFC-4E1D-9CDA-69A946902358}.Debug|Any CPU.Build.0 = Debug|Any CPU
		{9B498A46-5BFC-4E1D-9CDA-69A946902358}.Debug|x86.ActiveCfg = Debug|Any CPU
		{9B498A46-5BFC-4E1D-9CDA-69A946902358}.Debug|x86.Build.0 = Debug|Any CPU
		{9B498A46-5BFC-4E1D-9CDA-69A946902358}.Release|Any CPU.ActiveCfg = Release|Any CPU
		{9B498A46-5BFC-4E1D-9CDA-69A946902358}.Release|Any CPU.Build.0 = Release|Any CPU
		{9B498A46-5BFC-4E1D-9CDA-69A946902358}.Release|x86.ActiveCfg = Release|Any CPU
		{9B498A46-5BFC-4E1D-9CDA-69A946902358}.Release|x86.Build.0 = Release|Any CPU
		{2DF0598A-DA7C-42E2-8593-EB063E199711}.Debug|Any CPU.ActiveCfg = Debug|Any CPU
		{2DF0598A-DA7C-42E2-8593-EB063E199711}.Debug|Any CPU.Build.0 = Debug|Any CPU
		{2DF0598A-DA7C-42E2-8593-EB063E199711}.Debug|x86.ActiveCfg = Debug|Any CPU
		{2DF0598A-DA7C-42E2-8593-EB063E199711}.Debug|x86.Build.0 = Debug|Any CPU
		{2DF0598A-DA7C-42E2-8593-EB063E199711}.Release|Any CPU.ActiveCfg = Release|Any CPU
		{2DF0598A-DA7C-42E2-8593-EB063E199711}.Release|Any CPU.Build.0 = Release|Any CPU
		{2DF0598A-DA7C-42E2-8593-EB063E199711}.Release|x86.ActiveCfg = Release|Any CPU
		{2DF0598A-DA7C-42E2-8593-EB063E199711}.Release|x86.Build.0 = Release|Any CPU
		{994F9EEC-43B6-4ACD-B6B3-733C50A9F1A1}.Debug|Any CPU.ActiveCfg = Debug|Any CPU
		{994F9EEC-43B6-4ACD-B6B3-733C50A9F1A1}.Debug|Any CPU.Build.0 = Debug|Any CPU
		{994F9EEC-43B6-4ACD-B6B3-733C50A9F1A1}.Debug|x86.ActiveCfg = Debug|Any CPU
		{994F9EEC-43B6-4ACD-B6B3-733C50A9F1A1}.Debug|x86.Build.0 = Debug|Any CPU
		{994F9EEC-43B6-4ACD-B6B3-733C50A9F1A1}.Release|Any CPU.ActiveCfg = Release|Any CPU
		{994F9EEC-43B6-4ACD-B6B3-733C50A9F1A1}.Release|Any CPU.Build.0 = Release|Any CPU
		{994F9EEC-43B6-4ACD-B6B3-733C50A9F1A1}.Release|x86.ActiveCfg = Release|Any CPU
		{994F9EEC-43B6-4ACD-B6B3-733C50A9F1A1}.Release|x86.Build.0 = Release|Any CPU
		{85DF8DF4-D856-44CB-BFCE-279CB3085C7E}.Debug|Any CPU.ActiveCfg = Debug|Any CPU
		{85DF8DF4-D856-44CB-BFCE-279CB3085C7E}.Debug|Any CPU.Build.0 = Debug|Any CPU
		{85DF8DF4-D856-44CB-BFCE-279CB3085C7E}.Debug|x86.ActiveCfg = Debug|Any CPU
		{85DF8DF4-D856-44CB-BFCE-279CB3085C7E}.Debug|x86.Build.0 = Debug|Any CPU
		{85DF8DF4-D856-44CB-BFCE-279CB3085C7E}.Release|Any CPU.ActiveCfg = Release|Any CPU
		{85DF8DF4-D856-44CB-BFCE-279CB3085C7E}.Release|Any CPU.Build.0 = Release|Any CPU
		{85DF8DF4-D856-44CB-BFCE-279CB3085C7E}.Release|x86.ActiveCfg = Release|Any CPU
		{85DF8DF4-D856-44CB-BFCE-279CB3085C7E}.Release|x86.Build.0 = Release|Any CPU
	EndGlobalSection
	GlobalSection(SolutionProperties) = preSolution
		HideSolutionNode = FALSE
	EndGlobalSection
	GlobalSection(NestedProjects) = preSolution
		{E40E6467-BD41-42FA-AC60-E4FE24BFA5EF} = {8B385FE9-82B2-4BB4-AB39-E570DAC443AF}
		{4172FEBC-45AE-4A91-AF3F-225EBE7FDCE3} = {8B385FE9-82B2-4BB4-AB39-E570DAC443AF}
		{A28B2EF4-7F4E-4425-92E6-0E1BE1F7E16C} = {2FEB4DE7-F3A4-4F33-A238-FA7C3A4AF2FD}
		{C6E6A860-E56A-44FF-9D5B-21AACBA9CDE8} = {34D34D6B-EAD4-47AF-A148-6E590ABE476A}
		{B487BA09-10F3-42B3-AC85-6E5A86058E67} = {48CFADCE-4189-4E4D-AAF5-C41C902F790B}
		{66B5EA50-570F-4B3C-B345-CD90A9A3D37B} = {C7723454-E39F-4AC7-A2CB-CF0C2F567704}
		{27C676A7-A693-489B-944C-CD683B68EFB1} = {C7723454-E39F-4AC7-A2CB-CF0C2F567704}
		{8FED56ED-A371-4616-B293-BB78C19BCC6D} = {C7723454-E39F-4AC7-A2CB-CF0C2F567704}
		{C7723454-E39F-4AC7-A2CB-CF0C2F567704} = {455BE3C5-1791-4985-9BD4-C6FA194A2B24}
		{CCB637B1-D087-4E11-AD04-1144B199EE13} = {455BE3C5-1791-4985-9BD4-C6FA194A2B24}
		{8217F930-F916-427F-AD88-F8BF4F15DCE1} = {CCB637B1-D087-4E11-AD04-1144B199EE13}
		{C8C8887E-1DC5-4005-8C3D-2C0A93FBE184} = {CCB637B1-D087-4E11-AD04-1144B199EE13}
		{C08EA34A-11CF-4A79-98CD-A834C07A777A} = {CCB637B1-D087-4E11-AD04-1144B199EE13}
		{BC0A680E-65B8-4D79-BEC1-CE3306E6B0F9} = {29A27A2A-D13D-40AB-9A76-9C92742753B0}
		{6DB7420D-F5BE-4ECC-871D-B4ABF87D4532} = {31A72D27-BC71-4938-BD15-7AEA91D044FF}
		{0FD8F544-E15B-430B-B7F3-89DA8573E040} = {2FEB4DE7-F3A4-4F33-A238-FA7C3A4AF2FD}
		{CFA48A75-7FBD-4A59-9740-F19D67A71F4C} = {455BE3C5-1791-4985-9BD4-C6FA194A2B24}
		{E4072337-06B9-47F6-9CCD-8A1736C524CF} = {CFA48A75-7FBD-4A59-9740-F19D67A71F4C}
		{AF73D5B0-47AD-4C84-A374-E65907A26B95} = {CFA48A75-7FBD-4A59-9740-F19D67A71F4C}
		{9B498A46-5BFC-4E1D-9CDA-69A946902358} = {CFA48A75-7FBD-4A59-9740-F19D67A71F4C}
		{D7F1E195-4909-4B3B-AF4F-72F010240B57} = {455BE3C5-1791-4985-9BD4-C6FA194A2B24}
		{2DF0598A-DA7C-42E2-8593-EB063E199711} = {D7F1E195-4909-4B3B-AF4F-72F010240B57}
		{994F9EEC-43B6-4ACD-B6B3-733C50A9F1A1} = {D7F1E195-4909-4B3B-AF4F-72F010240B57}
		{85DF8DF4-D856-44CB-BFCE-279CB3085C7E} = {D7F1E195-4909-4B3B-AF4F-72F010240B57}
	EndGlobalSection
EndGlobal
